
Microsoft Visual Studio Solution File, Format Version 12.00
# Visual Studio 15
VisualStudioVersion = 15.0.28307.438
MinimumVisualStudioVersion = 10.0.40219.1
Project("{8BC9CEB8-8B4A-11D0-8D11-00A0C91BC942}") = "Labproject00", "Labproject00\Labproject00.vcxproj", "{1C859D96-49A4-4B26-B386-DCFBF0D8C493}"
EndProject
Global
	GlobalSection(SolutionConfigurationPlatforms) = preSolution
		Debug|x64 = Debug|x64
		Debug|x86 = Debug|x86
		Release|x64 = Release|x64
		Release|x86 = Release|x86
	EndGlobalSection
	GlobalSection(ProjectConfigurationPlatforms) = postSolution
		{1C859D96-49A4-4B26-B386-DCFBF0D8C493}.Debug|x64.ActiveCfg = Debug|x64
		{1C859D96-49A4-4B26-B386-DCFBF0D8C493}.Debug|x64.Build.0 = Debug|x64
		{1C859D96-49A4-4B26-B386-DCFBF0D8C493}.Debug|x86.ActiveCfg = Debug|Win32
		{1C859D96-49A4-4B26-B386-DCFBF0D8C493}.Debug|x86.Build.0 = Debug|Win32
		{1C859D96-49A4-4B26-B386-DCFBF0D8C493}.Release|x64.ActiveCfg = Release|x64
		{1C859D96-49A4-4B26-B386-DCFBF0D8C493}.Release|x64.Build.0 = Release|x64
		{1C859D96-49A4-4B26-B386-DCFBF0D8C493}.Release|x86.ActiveCfg = Release|Win32
		{1C859D96-49A4-4B26-B386-DCFBF0D8C493}.Release|x86.Build.0 = Release|Win32
	EndGlobalSection
	GlobalSection(SolutionProperties) = preSolution
		HideSolutionNode = FALSE
	EndGlobalSection
	GlobalSection(ExtensibilityGlobals) = postSolution
		SolutionGuid = {4AE4B51B-B184-487E-A828-AE274950D8E7}
	EndGlobalSection
EndGlobal
